// !$*UTF8*$!
{
	archiveVersion = 1;
	classes = {
	};
	objectVersion = 46;
	objects = {

/* Begin PBXBuildFile section */
		1F0E682ED8CE3E6540108FF3 /* Pods_RealmTodoApp.framework in Frameworks */ = {isa = PBXBuildFile; fileRef = 0BCB39B1B09823BAEC7900B3 /* Pods_RealmTodoApp.framework */; };
		6F79C2371E64515000185B42 /* TodoInfo.swift in Sources */ = {isa = PBXBuildFile; fileRef = 6F79C2361E64515000185B42 /* TodoInfo.swift */; };
		6FAFDC2E1E6462AA0022AD08 /* TodoCell.swift in Sources */ = {isa = PBXBuildFile; fileRef = 6FAFDC2C1E6462AA0022AD08 /* TodoCell.swift */; };
		6FAFDC2F1E6462AA0022AD08 /* TodoCell.xib in Resources */ = {isa = PBXBuildFile; fileRef = 6FAFDC2D1E6462AA0022AD08 /* TodoCell.xib */; };
		6FAFDC311E6466810022AD08 /* Assets.xcassets in Resources */ = {isa = PBXBuildFile; fileRef = 6FAFDC301E6466810022AD08 /* Assets.xcassets */; };
		6FE678761E64993B00A50020 /* TodoTableViewController.swift in Sources */ = {isa = PBXBuildFile; fileRef = 6FE678751E64993B00A50020 /* TodoTableViewController.swift */; };
		6FE678781E649CF200A50020 /* Utils.swift in Sources */ = {isa = PBXBuildFile; fileRef = 6FE678771E649CF200A50020 /* Utils.swift */; };
		6FE678801E64CBF900A50020 /* TodoAddNew.swift in Sources */ = {isa = PBXBuildFile; fileRef = 6FE6787E1E64CBF900A50020 /* TodoAddNew.swift */; };
		6FE678811E64CBF900A50020 /* TodoAddNew.xib in Resources */ = {isa = PBXBuildFile; fileRef = 6FE6787F1E64CBF900A50020 /* TodoAddNew.xib */; };
		6FEAC2011E6439E200C08415 /* AppDelegate.swift in Sources */ = {isa = PBXBuildFile; fileRef = 6FEAC2001E6439E200C08415 /* AppDelegate.swift */; };
		6FEAC2061E6439E200C08415 /* LaunchScreen.storyboard in Resources */ = {isa = PBXBuildFile; fileRef = 6FEAC2041E6439E200C08415 /* LaunchScreen.storyboard */; };
/* End PBXBuildFile section */

/* Begin PBXFileReference section */
		0BCB39B1B09823BAEC7900B3 /* Pods_RealmTodoApp.framework */ = {isa = PBXFileReference; explicitFileType = wrapper.framework; includeInIndex = 0; path = Pods_RealmTodoApp.framework; sourceTree = BUILT_PRODUCTS_DIR; };
		1289C79515474129C21F5D9C /* Pods-RealmTodoApp.debug.xcconfig */ = {isa = PBXFileReference; includeInIndex = 1; lastKnownFileType = text.xcconfig; name = "Pods-RealmTodoApp.debug.xcconfig"; path = "Pods/Target Support Files/Pods-RealmTodoApp/Pods-RealmTodoApp.debug.xcconfig"; sourceTree = "<group>"; };
		6F79C2361E64515000185B42 /* TodoInfo.swift */ = {isa = PBXFileReference; fileEncoding = 4; lastKnownFileType = sourcecode.swift; path = TodoInfo.swift; sourceTree = "<group>"; };
		6FAFDC2C1E6462AA0022AD08 /* TodoCell.swift */ = {isa = PBXFileReference; fileEncoding = 4; lastKnownFileType = sourcecode.swift; path = TodoCell.swift; sourceTree = "<group>"; };
		6FAFDC2D1E6462AA0022AD08 /* TodoCell.xib */ = {isa = PBXFileReference; fileEncoding = 4; lastKnownFileType = file.xib; path = TodoCell.xib; sourceTree = "<group>"; };
		6FAFDC301E6466810022AD08 /* Assets.xcassets */ = {isa = PBXFileReference; lastKnownFileType = folder.assetcatalog; path = Assets.xcassets; sourceTree = "<group>"; };
		6FE678751E64993B00A50020 /* TodoTableViewController.swift */ = {isa = PBXFileReference; fileEncoding = 4; lastKnownFileType = sourcecode.swift; path = TodoTableViewController.swift; sourceTree = "<group>"; };
		6FE678771E649CF200A50020 /* Utils.swift */ = {isa = PBXFileReference; fileEncoding = 4; lastKnownFileType = sourcecode.swift; path = Utils.swift; sourceTree = "<group>"; };
		6FE6787E1E64CBF900A50020 /* TodoAddNew.swift */ = {isa = PBXFileReference; fileEncoding = 4; lastKnownFileType = sourcecode.swift; path = TodoAddNew.swift; sourceTree = "<group>"; };
		6FE6787F1E64CBF900A50020 /* TodoAddNew.xib */ = {isa = PBXFileReference; fileEncoding = 4; lastKnownFileType = file.xib; path = TodoAddNew.xib; sourceTree = "<group>"; };
		6FEAC1FD1E6439E200C08415 /* RealmTodoApp.app */ = {isa = PBXFileReference; explicitFileType = wrapper.application; includeInIndex = 0; path = RealmTodoApp.app; sourceTree = BUILT_PRODUCTS_DIR; };
		6FEAC2001E6439E200C08415 /* AppDelegate.swift */ = {isa = PBXFileReference; lastKnownFileType = sourcecode.swift; path = AppDelegate.swift; sourceTree = "<group>"; };
		6FEAC2051E6439E200C08415 /* Base */ = {isa = PBXFileReference; lastKnownFileType = file.storyboard; name = Base; path = Base.lproj/LaunchScreen.storyboard; sourceTree = "<group>"; };
		6FEAC2071E6439E200C08415 /* Info.plist */ = {isa = PBXFileReference; lastKnownFileType = text.plist.xml; path = Info.plist; sourceTree = "<group>"; };
		E5358061D3FB853BB810BD9A /* Pods-RealmTodoApp.release.xcconfig */ = {isa = PBXFileReference; includeInIndex = 1; lastKnownFileType = text.xcconfig; name = "Pods-RealmTodoApp.release.xcconfig"; path = "Pods/Target Support Files/Pods-RealmTodoApp/Pods-RealmTodoApp.release.xcconfig"; sourceTree = "<group>"; };
/* End PBXFileReference section */

/* Begin PBXFrameworksBuildPhase section */
		6FEAC1FA1E6439E200C08415 /* Frameworks */ = {
			isa = PBXFrameworksBuildPhase;
			buildActionMask = 2147483647;
			files = (
				1F0E682ED8CE3E6540108FF3 /* Pods_RealmTodoApp.framework in Frameworks */,
			);
			runOnlyForDeploymentPostprocessing = 0;
		};
/* End PBXFrameworksBuildPhase section */

/* Begin PBXGroup section */
		6F79C2321E64487300185B42 /* Models */ = {
			isa = PBXGroup;
			children = (
				6F79C2361E64515000185B42 /* TodoInfo.swift */,
			);
			name = Models;
			sourceTree = "<group>";
		};
		6F79C2331E64488300185B42 /* Controllers */ = {
			isa = PBXGroup;
			children = (
				6FAFDC2C1E6462AA0022AD08 /* TodoCell.swift */,
				6FE678751E64993B00A50020 /* TodoTableViewController.swift */,
				6FE6787E1E64CBF900A50020 /* TodoAddNew.swift */,
			);
			name = Controllers;
			sourceTree = "<group>";
		};
		6F79C2341E6448DA00185B42 /* Views */ = {
			isa = PBXGroup;
			children = (
				6FAFDC2D1E6462AA0022AD08 /* TodoCell.xib */,
				6FE6787F1E64CBF900A50020 /* TodoAddNew.xib */,
			);
			name = Views;
			sourceTree = "<group>";
		};
		6F79C2351E64490900185B42 /* Common */ = {
			isa = PBXGroup;
			children = (
				6FAFDC301E6466810022AD08 /* Assets.xcassets */,
				6FEAC2001E6439E200C08415 /* AppDelegate.swift */,
				6FEAC2041E6439E200C08415 /* LaunchScreen.storyboard */,
				6FEAC2071E6439E200C08415 /* Info.plist */,
			);
			name = Common;
			sourceTree = "<group>";
		};
		6FE678791E649DDB00A50020 /* Helpers */ = {
			isa = PBXGroup;
			children = (
				6FE678771E649CF200A50020 /* Utils.swift */,
			);
			name = Helpers;
			sourceTree = "<group>";
		};
		6FEAC1F41E6439E200C08415 = {
			isa = PBXGroup;
			children = (
				6FEAC1FF1E6439E200C08415 /* RealmTodoApp */,
				6FEAC1FE1E6439E200C08415 /* Products */,
				807BFDB25A15BDD7C710D262 /* Pods */,
				EF7178194F2503E04A03E299 /* Frameworks */,
			);
			sourceTree = "<group>";
		};
		6FEAC1FE1E6439E200C08415 /* Products */ = {
			isa = PBXGroup;
			children = (
				6FEAC1FD1E6439E200C08415 /* RealmTodoApp.app */,
			);
			name = Products;
			sourceTree = "<group>";
		};
		6FEAC1FF1E6439E200C08415 /* RealmTodoApp */ = {
			isa = PBXGroup;
			children = (
				6F79C2331E64488300185B42 /* Controllers */,
				6F79C2351E64490900185B42 /* Common */,
				6FE678791E649DDB00A50020 /* Helpers */,
				6F79C2321E64487300185B42 /* Models */,
				6F79C2341E6448DA00185B42 /* Views */,
			);
			path = RealmTodoApp;
			sourceTree = "<group>";
		};
		807BFDB25A15BDD7C710D262 /* Pods */ = {
			isa = PBXGroup;
			children = (
				1289C79515474129C21F5D9C /* Pods-RealmTodoApp.debug.xcconfig */,
				E5358061D3FB853BB810BD9A /* Pods-RealmTodoApp.release.xcconfig */,
			);
			name = Pods;
			sourceTree = "<group>";
		};
		EF7178194F2503E04A03E299 /* Frameworks */ = {
			isa = PBXGroup;
			children = (
				0BCB39B1B09823BAEC7900B3 /* Pods_RealmTodoApp.framework */,
			);
			name = Frameworks;
			sourceTree = "<group>";
		};
/* End PBXGroup section */

/* Begin PBXNativeTarget section */
		6FEAC1FC1E6439E200C08415 /* RealmTodoApp */ = {
			isa = PBXNativeTarget;
			buildConfigurationList = 6FEAC20A1E6439E200C08415 /* Build configuration list for PBXNativeTarget "RealmTodoApp" */;
			buildPhases = (
				BFF8C8682DABA57B6B3FC59D /* [CP] Check Pods Manifest.lock */,
				6FEAC1F91E6439E200C08415 /* Sources */,
				6FEAC1FA1E6439E200C08415 /* Frameworks */,
				6FEAC1FB1E6439E200C08415 /* Resources */,
				AECE2AB219B1FDDDAB4909B4 /* [CP] Embed Pods Frameworks */,
				60853C6FDCEF68CD406F399E /* [CP] Copy Pods Resources */,
			);
			buildRules = (
			);
			dependencies = (
			);
			name = RealmTodoApp;
			productName = RealmTodoApp;
			productReference = 6FEAC1FD1E6439E200C08415 /* RealmTodoApp.app */;
			productType = "com.apple.product-type.application";
		};
/* End PBXNativeTarget section */

/* Begin PBXProject section */
		6FEAC1F51E6439E200C08415 /* Project object */ = {
			isa = PBXProject;
			attributes = {
				LastSwiftUpdateCheck = 0820;
				LastUpgradeCheck = 0820;
				ORGANIZATIONNAME = "Pedro Martin Gomez";
				TargetAttributes = {
					6FEAC1FC1E6439E200C08415 = {
						CreatedOnToolsVersion = 8.2.1;
						DevelopmentTeam = UWCRT7HLJN;
						ProvisioningStyle = Automatic;
					};
				};
			};
			buildConfigurationList = 6FEAC1F81E6439E200C08415 /* Build configuration list for PBXProject "RealmTodoApp" */;
			compatibilityVersion = "Xcode 3.2";
			developmentRegion = English;
			hasScannedForEncodings = 0;
			knownRegions = (
				en,
				Base,
			);
			mainGroup = 6FEAC1F41E6439E200C08415;
			productRefGroup = 6FEAC1FE1E6439E200C08415 /* Products */;
			projectDirPath = "";
			projectRoot = "";
			targets = (
				6FEAC1FC1E6439E200C08415 /* RealmTodoApp */,
			);
		};
/* End PBXProject section */

/* Begin PBXResourcesBuildPhase section */
		6FEAC1FB1E6439E200C08415 /* Resources */ = {
			isa = PBXResourcesBuildPhase;
			buildActionMask = 2147483647;
			files = (
				6FE678811E64CBF900A50020 /* TodoAddNew.xib in Resources */,
				6FAFDC2F1E6462AA0022AD08 /* TodoCell.xib in Resources */,
				6FAFDC311E6466810022AD08 /* Assets.xcassets in Resources */,
				6FEAC2061E6439E200C08415 /* LaunchScreen.storyboard in Resources */,
			);
			runOnlyForDeploymentPostprocessing = 0;
		};
/* End PBXResourcesBuildPhase section */

/* Begin PBXShellScriptBuildPhase section */
		60853C6FDCEF68CD406F399E /* [CP] Copy Pods Resources */ = {
			isa = PBXShellScriptBuildPhase;
			buildActionMask = 2147483647;
			files = (
			);
			inputPaths = (
			);
			name = "[CP] Copy Pods Resources";
			outputPaths = (
			);
			runOnlyForDeploymentPostprocessing = 0;
			shellPath = /bin/sh;
			shellScript = "\"${SRCROOT}/Pods/Target Support Files/Pods-RealmTodoApp/Pods-RealmTodoApp-resources.sh\"\n";
			showEnvVarsInLog = 0;
		};
		AECE2AB219B1FDDDAB4909B4 /* [CP] Embed Pods Frameworks */ = {
			isa = PBXShellScriptBuildPhase;
			buildActionMask = 2147483647;
			files = (
			);
			inputPaths = (
			);
			name = "[CP] Embed Pods Frameworks";
			outputPaths = (
			);
			runOnlyForDeploymentPostprocessing = 0;
			shellPath = /bin/sh;
			shellScript = "\"${SRCROOT}/Pods/Target Support Files/Pods-RealmTodoApp/Pods-RealmTodoApp-frameworks.sh\"\n";
			showEnvVarsInLog = 0;
		};
		BFF8C8682DABA57B6B3FC59D /* [CP] Check Pods Manifest.lock */ = {
			isa = PBXShellScriptBuildPhase;
			buildActionMask = 2147483647;
			files = (
			);
			inputPaths = (
			);
			name = "[CP] Check Pods Manifest.lock";
			outputPaths = (
			);
			runOnlyForDeploymentPostprocessing = 0;
			shellPath = /bin/sh;
			shellScript = "diff \"${PODS_ROOT}/../Podfile.lock\" \"${PODS_ROOT}/Manifest.lock\" > /dev/null\nif [ $? != 0 ] ; then\n    # print error to STDERR\n    echo \"error: The sandbox is not in sync with the Podfile.lock. Run 'pod install' or update your CocoaPods installation.\" >&2\n    exit 1\nfi\n";
			showEnvVarsInLog = 0;
		};
/* End PBXShellScriptBuildPhase section */

/* Begin PBXSourcesBuildPhase section */
		6FEAC1F91E6439E200C08415 /* Sources */ = {
			isa = PBXSourcesBuildPhase;
			buildActionMask = 2147483647;
			files = (
				6FE678801E64CBF900A50020 /* TodoAddNew.swift in Sources */,
				6FE678781E649CF200A50020 /* Utils.swift in Sources */,
				6FEAC2011E6439E200C08415 /* AppDelegate.swift in Sources */,
				6FE678761E64993B00A50020 /* TodoTableViewController.swift in Sources */,
				6FAFDC2E1E6462AA0022AD08 /* TodoCell.swift in Sources */,
				6F79C2371E64515000185B42 /* TodoInfo.swift in Sources */,
			);
			runOnlyForDeploymentPostprocessing = 0;
		};
/* End PBXSourcesBuildPhase section */

/* Begin PBXVariantGroup section */
		6FEAC2041E6439E200C08415 /* LaunchScreen.storyboard */ = {
			isa = PBXVariantGroup;
			children = (
				6FEAC2051E6439E200C08415 /* Base */,
			);
			name = LaunchScreen.storyboard;
			sourceTree = "<group>";
		};
/* End PBXVariantGroup section */

/* Begin XCBuildConfiguration section */
		6FEAC2081E6439E200C08415 /* Debug */ = {
			isa = XCBuildConfiguration;
			buildSettings = {
				ALWAYS_SEARCH_USER_PATHS = NO;
				CLANG_ANALYZER_NONNULL = YES;
				CLANG_CXX_LANGUAGE_STANDARD = "gnu++0x";
				CLANG_CXX_LIBRARY = "libc++";
				CLANG_ENABLE_MODULES = YES;
				CLANG_ENABLE_OBJC_ARC = YES;
				CLANG_WARN_BOOL_CONVERSION = YES;
				CLANG_WARN_CONSTANT_CONVERSION = YES;
				CLANG_WARN_DIRECT_OBJC_ISA_USAGE = YES_ERROR;
				CLANG_WARN_DOCUMENTATION_COMMENTS = YES;
				CLANG_WARN_EMPTY_BODY = YES;
				CLANG_WARN_ENUM_CONVERSION = YES;
				CLANG_WARN_INFINITE_RECURSION = YES;
				CLANG_WARN_INT_CONVERSION = YES;
				CLANG_WARN_OBJC_ROOT_CLASS = YES_ERROR;
				CLANG_WARN_SUSPICIOUS_MOVE = YES;
				CLANG_WARN_UNREACHABLE_CODE = YES;
				CLANG_WARN__DUPLICATE_METHOD_MATCH = YES;
				"CODE_SIGN_IDENTITY[sdk=iphoneos*]" = "iPhone Developer";
				COPY_PHASE_STRIP = NO;
				DEBUG_INFORMATION_FORMAT = dwarf;
				ENABLE_STRICT_OBJC_MSGSEND = YES;
				ENABLE_TESTABILITY = YES;
				GCC_C_LANGUAGE_STANDARD = gnu99;
				GCC_DYNAMIC_NO_PIC = NO;
				GCC_NO_COMMON_BLOCKS = YES;
				GCC_OPTIMIZATION_LEVEL = 0;
				GCC_PREPROCESSOR_DEFINITIONS = (
					"DEBUG=1",
					"$(inherited)",
				);
				GCC_WARN_64_TO_32_BIT_CONVERSION = YES;
				GCC_WARN_ABOUT_RETURN_TYPE = YES_ERROR;
				GCC_WARN_UNDECLARED_SELECTOR = YES;
				GCC_WARN_UNINITIALIZED_AUTOS = YES_AGGRESSIVE;
				GCC_WARN_UNUSED_FUNCTION = YES;
				GCC_WARN_UNUSED_VARIABLE = YES;
				IPHONEOS_DEPLOYMENT_TARGET = 10.2;
				MTL_ENABLE_DEBUG_INFO = YES;
				ONLY_ACTIVE_ARCH = YES;
				SDKROOT = iphoneos;
				SWIFT_ACTIVE_COMPILATION_CONDITIONS = DEBUG;
				SWIFT_OPTIMIZATION_LEVEL = "-Onone";
			};
			name = Debug;
		};
		6FEAC2091E6439E200C08415 /* Release */ = {
			isa = XCBuildConfiguration;
			buildSettings = {
				ALWAYS_SEARCH_USER_PATHS = NO;
				CLANG_ANALYZER_NONNULL = YES;
				CLANG_CXX_LANGUAGE_STANDARD = "gnu++0x";
				CLANG_CXX_LIBRARY = "libc++";
				CLANG_ENABLE_MODULES = YES;
				CLANG_ENABLE_OBJC_ARC = YES;
				CLANG_WARN_BOOL_CONVERSION = YES;
				CLANG_WARN_CONSTANT_CONVERSION = YES;
				CLANG_WARN_DIRECT_OBJC_ISA_USAGE = YES_ERROR;
				CLANG_WARN_DOCUMENTATION_COMMENTS = YES;
				CLANG_WARN_EMPTY_BODY = YES;
				CLANG_WARN_ENUM_CONVERSION = YES;
				CLANG_WARN_INFINITE_RECURSION = YES;
				CLANG_WARN_INT_CONVERSION = YES;
				CLANG_WARN_OBJC_ROOT_CLASS = YES_ERROR;
				CLANG_WARN_SUSPICIOUS_MOVE = YES;
				CLANG_WARN_UNREACHABLE_CODE = YES;
				CLANG_WARN__DUPLICATE_METHOD_MATCH = YES;
				"CODE_SIGN_IDENTITY[sdk=iphoneos*]" = "iPhone Developer";
				COPY_PHASE_STRIP = NO;
				DEBUG_INFORMATION_FORMAT = "dwarf-with-dsym";
				ENABLE_NS_ASSERTIONS = NO;
				ENABLE_STRICT_OBJC_MSGSEND = YES;
				GCC_C_LANGUAGE_STANDARD = gnu99;
				GCC_NO_COMMON_BLOCKS = YES;
				GCC_WARN_64_TO_32_BIT_CONVERSION = YES;
				GCC_WARN_ABOUT_RETURN_TYPE = YES_ERROR;
				GCC_WARN_UNDECLARED_SELECTOR = YES;
				GCC_WARN_UNINITIALIZED_AUTOS = YES_AGGRESSIVE;
				GCC_WARN_UNUSED_FUNCTION = YES;
				GCC_WARN_UNUSED_VARIABLE = YES;
				IPHONEOS_DEPLOYMENT_TARGET = 10.2;
				MTL_ENABLE_DEBUG_INFO = NO;
				SDKROOT = iphoneos;
				SWIFT_OPTIMIZATION_LEVEL = "-Owholemodule";
				VALIDATE_PRODUCT = YES;
			};
			name = Release;
		};
		6FEAC20B1E6439E200C08415 /* Debug */ = {
			isa = XCBuildConfiguration;
			baseConfigurationReference = 1289C79515474129C21F5D9C /* Pods-RealmTodoApp.debug.xcconfig */;
			buildSettings = {
				ASSETCATALOG_COMPILER_APPICON_NAME = AppIcon;
				DEVELOPMENT_TEAM = UWCRT7HLJN;
				INFOPLIST_FILE = RealmTodoApp/Info.plist;
				LD_RUNPATH_SEARCH_PATHS = "$(inherited) @executable_path/Frameworks";
				PRODUCT_BUNDLE_IDENTIFIER = com.ligartolabs.RealmTodoApp;
				PRODUCT_NAME = "$(TARGET_NAME)";
				SWIFT_VERSION = 3.0;
			};
			name = Debug;
		};
		6FEAC20C1E6439E200C08415 /* Release */ = {
			isa = XCBuildConfiguration;
			baseConfigurationReference = E5358061D3FB853BB810BD9A /* Pods-RealmTodoApp.release.xcconfig */;
			buildSettings = {
				ASSETCATALOG_COMPILER_APPICON_NAME = AppIcon;
				DEVELOPMENT_TEAM = UWCRT7HLJN;
				INFOPLIST_FILE = RealmTodoApp/Info.plist;
				LD_RUNPATH_SEARCH_PATHS = "$(inherited) @executable_path/Frameworks";
				PRODUCT_BUNDLE_IDENTIFIER = com.ligartolabs.RealmTodoApp;
				PRODUCT_NAME = "$(TARGET_NAME)";
				SWIFT_VERSION = 3.0;
			};
			name = Release;
		};
/* End XCBuildConfiguration section */

/* Begin XCConfigurationList section */
		6FEAC1F81E6439E200C08415 /* Build configuration list for PBXProject "RealmTodoApp" */ = {
			isa = XCConfigurationList;
			buildConfigurations = (
				6FEAC2081E6439E200C08415 /* Debug */,
				6FEAC2091E6439E200C08415 /* Release */,
			);
			defaultConfigurationIsVisible = 0;
			defaultConfigurationName = Release;
		};
		6FEAC20A1E6439E200C08415 /* Build configuration list for PBXNativeTarget "RealmTodoApp" */ = {
			isa = XCConfigurationList;
			buildConfigurations = (
				6FEAC20B1E6439E200C08415 /* Debug */,
				6FEAC20C1E6439E200C08415 /* Release */,
			);
			defaultConfigurationIsVisible = 0;
			defaultConfigurationName = Release;
		};
/* End XCConfigurationList section */
	};
	rootObject = 6FEAC1F51E6439E200C08415 /* Project object */;
}
